
Microsoft Visual Studio Solution File, Format Version 12.00
# Visual Studio Version 17
VisualStudioVersion = 17.14.36429.23
MinimumVisualStudioVersion = 10.0.40219.1
Project("{2150E333-8FDC-42A3-9474-1A3956D46DE8}") = "Task0", "Task0", "{02EA681E-C7D8-13C7-8484-4AC65E1B71E8}"
EndProject
Project("{FAE04EC0-301F-11D3-BF4B-00C04F79EFBC}") = "Tyuiu.DevyatovEV.Sprint3.Task0.V29", "Tyuiu.DevyatovEV.Sprint3.Task0.V29\Tyuiu.DevyatovEV.Sprint3.Task0.V29.csproj", "{2A1783E3-9F97-4054-903E-6A476A1B26D3}"
EndProject
Project("{FAE04EC0-301F-11D3-BF4B-00C04F79EFBC}") = "Tyuiu.DevyatovEV.Sprint3.Task0.V29.Lib", "Tyuiu.DevyatovEV.Sprint3.Task0.V29.Lib\Tyuiu.DevyatovEV.Sprint3.Task0.V29.Lib.csproj", "{93B07B10-9374-44D5-AF4B-CB8B19EF9305}"
EndProject
Project("{FAE04EC0-301F-11D3-BF4B-00C04F79EFBC}") = "Tyuiu.DevyatovEV.Sprint3.Task0.V29.Test", "Tyuiu.DevyatovEV.Sprint3.Task0.V29.Test\Tyuiu.DevyatovEV.Sprint3.Task0.V29.Test.csproj", "{3BE004CA-A276-49FF-8649-886F7519B795}"
EndProject
Project("{2150E333-8FDC-42A3-9474-1A3956D46DE8}") = "Task1", "Task1", "{A5A6F60B-BAD0-40A8-92F9-47FE0CD3325A}"
EndProject
Project("{FAE04EC0-301F-11D3-BF4B-00C04F79EFBC}") = "Tyuiu.DevyatovEV.Sprint3.Task1.V2", "Tyuiu.DevyatovEV.Sprint3.Task1.V2\Tyuiu.DevyatovEV.Sprint3.Task1.V2.csproj", "{79EEC0C0-019F-4A22-89B6-CD244A030DCB}"
EndProject
Project("{FAE04EC0-301F-11D3-BF4B-00C04F79EFBC}") = "Tyuiu.DevyatovEV.Sprint3.Task1.V2.Lib", "Tyuiu.DevyatovEV.Sprint3.Task1.V2.Lib\Tyuiu.DevyatovEV.Sprint3.Task1.V2.Lib.csproj", "{6DF0DA48-7567-4E7E-ADC1-C901CCCBD4E7}"
EndProject
Project("{FAE04EC0-301F-11D3-BF4B-00C04F79EFBC}") = "Tyuiu.DevyatovEV.Sprint3.Task1.V2.Test", "Tyuiu.DevyatovEV.Sprint3.Task1.V2.Test\Tyuiu.DevyatovEV.Sprint3.Task1.V2.Test.csproj", "{2834ADAE-0714-4F8E-AA3C-09A8BD56CDE7}"
EndProject
Project("{2150E333-8FDC-42A3-9474-1A3956D46DE8}") = "Task2", "Task2", "{6D605C21-A0ED-4878-9A90-DB6C5CAD06C6}"
EndProject
Project("{FAE04EC0-301F-11D3-BF4B-00C04F79EFBC}") = "Tyuiu.DevyatovEV.Sprint3.Task2.V30", "Tyuiu.DevyatovEV.Sprint3.Task2.V30\Tyuiu.DevyatovEV.Sprint3.Task2.V30.csproj", "{05DF6E65-1A6E-45A0-9796-9FFFCDEA859B}"
EndProject
Project("{FAE04EC0-301F-11D3-BF4B-00C04F79EFBC}") = "Tyuiu.DevyatovEV.Sprint3.Task2.V30.Lib", "Tyuiu.DevyatovEV.Sprint3.Task2.V30.Lib\Tyuiu.DevyatovEV.Sprint3.Task2.V30.Lib.csproj", "{4FFC1D87-3174-4E1F-8613-BC7CD5A42902}"
EndProject
Project("{FAE04EC0-301F-11D3-BF4B-00C04F79EFBC}") = "Tyuiu.DevyatovEV.Sprint3.Task2.V30.Test", "Tyuiu.DevyatovEV.Sprint3.Task2.V30.Test\Tyuiu.DevyatovEV.Sprint3.Task2.V30.Test.csproj", "{DEA9785A-E4F1-45F1-9DCE-8439D882CAC6}"
EndProject
Project("{2150E333-8FDC-42A3-9474-1A3956D46DE8}") = "Task3", "Task3", "{F2DAA69F-9970-4B09-8D99-6692DC94D965}"
EndProject
Project("{2150E333-8FDC-42A3-9474-1A3956D46DE8}") = "Task4", "Task4", "{DA60AE79-4C59-479E-B165-621AE5C5F5FC}"
EndProject
Project("{FAE04EC0-301F-11D3-BF4B-00C04F79EFBC}") = "Tyuiu.DevyatovEV.Sprint3.Task3.V20", "Tyuiu.DevyatovEV.Sprint3.Task3.V20\Tyuiu.DevyatovEV.Sprint3.Task3.V20.csproj", "{019EB202-9BE3-42F6-A125-FFE766B68C32}"
EndProject
Project("{FAE04EC0-301F-11D3-BF4B-00C04F79EFBC}") = "Tyuiu.DevyatovEV.Sprint3.Task3.V20.Lib", "Tyuiu.DevyatovEV.Sprint3.Task3.V20.Lib\Tyuiu.DevyatovEV.Sprint3.Task3.V20.Lib.csproj", "{A4341831-8DB2-4B21-8184-BC86F7D64DBE}"
EndProject
Project("{FAE04EC0-301F-11D3-BF4B-00C04F79EFBC}") = "Tyuiu.DevyatovEV.Sprint3.Task3.V20.Test", "Tyuiu.DevyatovEV.Sprint3.Task3.V20.Test\Tyuiu.DevyatovEV.Sprint3.Task3.V20.Test.csproj", "{C2AB0804-7F71-480A-9EFE-7C61AB96B719}"
EndProject
Project("{FAE04EC0-301F-11D3-BF4B-00C04F79EFBC}") = "Tyuiu.DevyatovEV.Sprint3.Task4.V29", "Tyuiu.DevyatovEV.Sprint3.Task4.V29\Tyuiu.DevyatovEV.Sprint3.Task4.V29.csproj", "{5DF85A6E-07B2-44A9-93AD-F30018DA7995}"
EndProject
Project("{FAE04EC0-301F-11D3-BF4B-00C04F79EFBC}") = "Tyuiu.DevyatovEV.Sprint3.Task4.V29.Lib", "Tyuiu.DevyatovEV.Sprint3.Task4.V29.Lib\Tyuiu.DevyatovEV.Sprint3.Task4.V29.Lib.csproj", "{FB4B8654-3CF8-4F1A-94BC-7D6C79FDAE47}"
EndProject
Project("{FAE04EC0-301F-11D3-BF4B-00C04F79EFBC}") = "Tyuiu.DevyatovEV.Sprint3.Task4.V29.Test", "Tyuiu.DevyatovEV.Sprint3.Task4.V29.Test\Tyuiu.DevyatovEV.Sprint3.Task4.V29.Test.csproj", "{225994C1-14E5-4C41-8C30-4CC529029E6C}"
EndProject
Project("{2150E333-8FDC-42A3-9474-1A3956D46DE8}") = "Task5", "Task5", "{00DA588B-9A69-463C-8ACD-0D2FCBB705BA}"
EndProject
Project("{FAE04EC0-301F-11D3-BF4B-00C04F79EFBC}") = "Tyuiu.DevyatovEV.Sprint3.Task5.V11", "Tyuiu.DevyatovEV.Sprint3.Task5.V11\Tyuiu.DevyatovEV.Sprint3.Task5.V11.csproj", "{35E87AD9-EDE9-4AB7-B9E1-B3B90AFA885C}"
EndProject
Project("{FAE04EC0-301F-11D3-BF4B-00C04F79EFBC}") = "Tyuiu.DevyatovEV.Sprint3.Task5.V11.Lib", "Tyuiu.DevyatovEV.Sprint3.Task5.V11.Lib\Tyuiu.DevyatovEV.Sprint3.Task5.V11.Lib.csproj", "{904A9CA0-395B-4573-98A2-5F9200926220}"
EndProject
Project("{FAE04EC0-301F-11D3-BF4B-00C04F79EFBC}") = "Tyuiu.DevyatovEV.Sprint3.Task5.V11.Test", "Tyuiu.DevyatovEV.Sprint3.Task5.V11.Test\Tyuiu.DevyatovEV.Sprint3.Task5.V11.Test.csproj", "{2085177F-5FA6-4026-969D-8E3309D9B994}"
EndProject
Project("{2150E333-8FDC-42A3-9474-1A3956D46DE8}") = "Task6", "Task6", "{A084BF66-B788-4905-8FF8-E808483B2BB5}"
EndProject
Project("{FAE04EC0-301F-11D3-BF4B-00C04F79EFBC}") = "Tyuiu.DevyatovEV.Sprint3.Task6.V7", "Tyuiu.DevyatovEV.Sprint3.Task6.V7\Tyuiu.DevyatovEV.Sprint3.Task6.V7.csproj", "{A80C474F-6C27-4BEA-954A-53717A610965}"
EndProject
Project("{FAE04EC0-301F-11D3-BF4B-00C04F79EFBC}") = "Tyuiu.DevyatovEV.Sprint3.Task6.V7.Lib", "Tyuiu.DevyatovEV.Sprint3.Task6.V7.Lib\Tyuiu.DevyatovEV.Sprint3.Task6.V7.Lib.csproj", "{B297019C-6E23-4F94-85A7-BCF368DE6D58}"
EndProject
Project("{FAE04EC0-301F-11D3-BF4B-00C04F79EFBC}") = "Tyuiu.DevyatovEV.Sprint3.Task6.V7.Test", "Tyuiu.DevyatovEV.Sprint3.Task6.V7.Test\Tyuiu.DevyatovEV.Sprint3.Task6.V7.Test.csproj", "{A0362C75-FCF3-4708-98F4-E58E667AA24B}"
EndProject
Project("{2150E333-8FDC-42A3-9474-1A3956D46DE8}") = "Task7", "Task7", "{41B3FD2C-0360-472A-B6A1-ACC345D9E02F}"
EndProject
Project("{FAE04EC0-301F-11D3-BF4B-00C04F79EFBC}") = "Tyuiu.DevyatovEV.Sprint3.Task7.V12", "Tyuiu.DevyatovEV.Sprint3.Task7.V12\Tyuiu.DevyatovEV.Sprint3.Task7.V12.csproj", "{A81C4B1A-444B-4A1A-A376-B58D8A6C5052}"
EndProject
Project("{FAE04EC0-301F-11D3-BF4B-00C04F79EFBC}") = "Tyuiu.DevyatovEV.Sprint3.Task7.V12.Lib", "Tyuiu.DevyatovEV.Sprint3.Task7.V12.Lib\Tyuiu.DevyatovEV.Sprint3.Task7.V12.Lib.csproj", "{380600FC-E534-4C37-BFC1-47D170B502CF}"
EndProject
Project("{FAE04EC0-301F-11D3-BF4B-00C04F79EFBC}") = "Tyuiu.DevyatovEV.Sprint3.Task7.V12.Test", "Tyuiu.DevyatovEV.Sprint3.Task7.V12.Test\Tyuiu.DevyatovEV.Sprint3.Task7.V12.Test.csproj", "{F6EEDC3A-7B1F-4A28-883D-9168E2783B7E}"
EndProject
Global
	GlobalSection(SolutionConfigurationPlatforms) = preSolution
		Debug|Any CPU = Debug|Any CPU
		Release|Any CPU = Release|Any CPU
	EndGlobalSection
	GlobalSection(ProjectConfigurationPlatforms) = postSolution
		{2A1783E3-9F97-4054-903E-6A476A1B26D3}.Debug|Any CPU.ActiveCfg = Debug|Any CPU
		{2A1783E3-9F97-4054-903E-6A476A1B26D3}.Debug|Any CPU.Build.0 = Debug|Any CPU
		{2A1783E3-9F97-4054-903E-6A476A1B26D3}.Release|Any CPU.ActiveCfg = Release|Any CPU
		{2A1783E3-9F97-4054-903E-6A476A1B26D3}.Release|Any CPU.Build.0 = Release|Any CPU
		{93B07B10-9374-44D5-AF4B-CB8B19EF9305}.Debug|Any CPU.ActiveCfg = Debug|Any CPU
		{93B07B10-9374-44D5-AF4B-CB8B19EF9305}.Debug|Any CPU.Build.0 = Debug|Any CPU
		{93B07B10-9374-44D5-AF4B-CB8B19EF9305}.Release|Any CPU.ActiveCfg = Release|Any CPU
		{93B07B10-9374-44D5-AF4B-CB8B19EF9305}.Release|Any CPU.Build.0 = Release|Any CPU
		{3BE004CA-A276-49FF-8649-886F7519B795}.Debug|Any CPU.ActiveCfg = Debug|Any CPU
		{3BE004CA-A276-49FF-8649-886F7519B795}.Debug|Any CPU.Build.0 = Debug|Any CPU
		{3BE004CA-A276-49FF-8649-886F7519B795}.Release|Any CPU.ActiveCfg = Release|Any CPU
		{3BE004CA-A276-49FF-8649-886F7519B795}.Release|Any CPU.Build.0 = Release|Any CPU
		{79EEC0C0-019F-4A22-89B6-CD244A030DCB}.Debug|Any CPU.ActiveCfg = Debug|Any CPU
		{79EEC0C0-019F-4A22-89B6-CD244A030DCB}.Debug|Any CPU.Build.0 = Debug|Any CPU
		{79EEC0C0-019F-4A22-89B6-CD244A030DCB}.Release|Any CPU.ActiveCfg = Release|Any CPU
		{79EEC0C0-019F-4A22-89B6-CD244A030DCB}.Release|Any CPU.Build.0 = Release|Any CPU
		{6DF0DA48-7567-4E7E-ADC1-C901CCCBD4E7}.Debug|Any CPU.ActiveCfg = Debug|Any CPU
		{6DF0DA48-7567-4E7E-ADC1-C901CCCBD4E7}.Debug|Any CPU.Build.0 = Debug|Any CPU
		{6DF0DA48-7567-4E7E-ADC1-C901CCCBD4E7}.Release|Any CPU.ActiveCfg = Release|Any CPU
		{6DF0DA48-7567-4E7E-ADC1-C901CCCBD4E7}.Release|Any CPU.Build.0 = Release|Any CPU
		{2834ADAE-0714-4F8E-AA3C-09A8BD56CDE7}.Debug|Any CPU.ActiveCfg = Debug|Any CPU
		{2834ADAE-0714-4F8E-AA3C-09A8BD56CDE7}.Debug|Any CPU.Build.0 = Debug|Any CPU
		{2834ADAE-0714-4F8E-AA3C-09A8BD56CDE7}.Release|Any CPU.ActiveCfg = Release|Any CPU
		{2834ADAE-0714-4F8E-AA3C-09A8BD56CDE7}.Release|Any CPU.Build.0 = Release|Any CPU
		{05DF6E65-1A6E-45A0-9796-9FFFCDEA859B}.Debug|Any CPU.ActiveCfg = Debug|Any CPU
		{05DF6E65-1A6E-45A0-9796-9FFFCDEA859B}.Debug|Any CPU.Build.0 = Debug|Any CPU
		{05DF6E65-1A6E-45A0-9796-9FFFCDEA859B}.Release|Any CPU.ActiveCfg = Release|Any CPU
		{05DF6E65-1A6E-45A0-9796-9FFFCDEA859B}.Release|Any CPU.Build.0 = Release|Any CPU
		{4FFC1D87-3174-4E1F-8613-BC7CD5A42902}.Debug|Any CPU.ActiveCfg = Debug|Any CPU
		{4FFC1D87-3174-4E1F-8613-BC7CD5A42902}.Debug|Any CPU.Build.0 = Debug|Any CPU
		{4FFC1D87-3174-4E1F-8613-BC7CD5A42902}.Release|Any CPU.ActiveCfg = Release|Any CPU
		{4FFC1D87-3174-4E1F-8613-BC7CD5A42902}.Release|Any CPU.Build.0 = Release|Any CPU
		{DEA9785A-E4F1-45F1-9DCE-8439D882CAC6}.Debug|Any CPU.ActiveCfg = Debug|Any CPU
		{DEA9785A-E4F1-45F1-9DCE-8439D882CAC6}.Debug|Any CPU.Build.0 = Debug|Any CPU
		{DEA9785A-E4F1-45F1-9DCE-8439D882CAC6}.Release|Any CPU.ActiveCfg = Release|Any CPU
		{DEA9785A-E4F1-45F1-9DCE-8439D882CAC6}.Release|Any CPU.Build.0 = Release|Any CPU
		{019EB202-9BE3-42F6-A125-FFE766B68C32}.Debug|Any CPU.ActiveCfg = Debug|Any CPU
		{019EB202-9BE3-42F6-A125-FFE766B68C32}.Debug|Any CPU.Build.0 = Debug|Any CPU
		{019EB202-9BE3-42F6-A125-FFE766B68C32}.Release|Any CPU.ActiveCfg = Release|Any CPU
		{019EB202-9BE3-42F6-A125-FFE766B68C32}.Release|Any CPU.Build.0 = Release|Any CPU
		{A4341831-8DB2-4B21-8184-BC86F7D64DBE}.Debug|Any CPU.ActiveCfg = Debug|Any CPU
		{A4341831-8DB2-4B21-8184-BC86F7D64DBE}.Debug|Any CPU.Build.0 = Debug|Any CPU
		{A4341831-8DB2-4B21-8184-BC86F7D64DBE}.Release|Any CPU.ActiveCfg = Release|Any CPU
		{A4341831-8DB2-4B21-8184-BC86F7D64DBE}.Release|Any CPU.Build.0 = Release|Any CPU
		{C2AB0804-7F71-480A-9EFE-7C61AB96B719}.Debug|Any CPU.ActiveCfg = Debug|Any CPU
		{C2AB0804-7F71-480A-9EFE-7C61AB96B719}.Debug|Any CPU.Build.0 = Debug|Any CPU
		{C2AB0804-7F71-480A-9EFE-7C61AB96B719}.Release|Any CPU.ActiveCfg = Release|Any CPU
		{C2AB0804-7F71-480A-9EFE-7C61AB96B719}.Release|Any CPU.Build.0 = Release|Any CPU
		{5DF85A6E-07B2-44A9-93AD-F30018DA7995}.Debug|Any CPU.ActiveCfg = Debug|Any CPU
		{5DF85A6E-07B2-44A9-93AD-F30018DA7995}.Debug|Any CPU.Build.0 = Debug|Any CPU
		{5DF85A6E-07B2-44A9-93AD-F30018DA7995}.Release|Any CPU.ActiveCfg = Release|Any CPU
		{5DF85A6E-07B2-44A9-93AD-F30018DA7995}.Release|Any CPU.Build.0 = Release|Any CPU
		{FB4B8654-3CF8-4F1A-94BC-7D6C79FDAE47}.Debug|Any CPU.ActiveCfg = Debug|Any CPU
		{FB4B8654-3CF8-4F1A-94BC-7D6C79FDAE47}.Debug|Any CPU.Build.0 = Debug|Any CPU
		{FB4B8654-3CF8-4F1A-94BC-7D6C79FDAE47}.Release|Any CPU.ActiveCfg = Release|Any CPU
		{FB4B8654-3CF8-4F1A-94BC-7D6C79FDAE47}.Release|Any CPU.Build.0 = Release|Any CPU
		{225994C1-14E5-4C41-8C30-4CC529029E6C}.Debug|Any CPU.ActiveCfg = Debug|Any CPU
		{225994C1-14E5-4C41-8C30-4CC529029E6C}.Debug|Any CPU.Build.0 = Debug|Any CPU
		{225994C1-14E5-4C41-8C30-4CC529029E6C}.Release|Any CPU.ActiveCfg = Release|Any CPU
		{225994C1-14E5-4C41-8C30-4CC529029E6C}.Release|Any CPU.Build.0 = Release|Any CPU
		{35E87AD9-EDE9-4AB7-B9E1-B3B90AFA885C}.Debug|Any CPU.ActiveCfg = Debug|Any CPU
		{35E87AD9-EDE9-4AB7-B9E1-B3B90AFA885C}.Debug|Any CPU.Build.0 = Debug|Any CPU
		{35E87AD9-EDE9-4AB7-B9E1-B3B90AFA885C}.Release|Any CPU.ActiveCfg = Release|Any CPU
		{35E87AD9-EDE9-4AB7-B9E1-B3B90AFA885C}.Release|Any CPU.Build.0 = Release|Any CPU
		{904A9CA0-395B-4573-98A2-5F9200926220}.Debug|Any CPU.ActiveCfg = Debug|Any CPU
		{904A9CA0-395B-4573-98A2-5F9200926220}.Debug|Any CPU.Build.0 = Debug|Any CPU
		{904A9CA0-395B-4573-98A2-5F9200926220}.Release|Any CPU.ActiveCfg = Release|Any CPU
		{904A9CA0-395B-4573-98A2-5F9200926220}.Release|Any CPU.Build.0 = Release|Any CPU
		{2085177F-5FA6-4026-969D-8E3309D9B994}.Debug|Any CPU.ActiveCfg = Debug|Any CPU
		{2085177F-5FA6-4026-969D-8E3309D9B994}.Debug|Any CPU.Build.0 = Debug|Any CPU
		{2085177F-5FA6-4026-969D-8E3309D9B994}.Release|Any CPU.ActiveCfg = Release|Any CPU
		{2085177F-5FA6-4026-969D-8E3309D9B994}.Release|Any CPU.Build.0 = Release|Any CPU
		{A80C474F-6C27-4BEA-954A-53717A610965}.Debug|Any CPU.ActiveCfg = Debug|Any CPU
		{A80C474F-6C27-4BEA-954A-53717A610965}.Debug|Any CPU.Build.0 = Debug|Any CPU
		{A80C474F-6C27-4BEA-954A-53717A610965}.Release|Any CPU.ActiveCfg = Release|Any CPU
		{A80C474F-6C27-4BEA-954A-53717A610965}.Release|Any CPU.Build.0 = Release|Any CPU
		{B297019C-6E23-4F94-85A7-BCF368DE6D58}.Debug|Any CPU.ActiveCfg = Debug|Any CPU
		{B297019C-6E23-4F94-85A7-BCF368DE6D58}.Debug|Any CPU.Build.0 = Debug|Any CPU
		{B297019C-6E23-4F94-85A7-BCF368DE6D58}.Release|Any CPU.ActiveCfg = Release|Any CPU
		{B297019C-6E23-4F94-85A7-BCF368DE6D58}.Release|Any CPU.Build.0 = Release|Any CPU
		{A0362C75-FCF3-4708-98F4-E58E667AA24B}.Debug|Any CPU.ActiveCfg = Debug|Any CPU
		{A0362C75-FCF3-4708-98F4-E58E667AA24B}.Debug|Any CPU.Build.0 = Debug|Any CPU
		{A0362C75-FCF3-4708-98F4-E58E667AA24B}.Release|Any CPU.ActiveCfg = Release|Any CPU
		{A0362C75-FCF3-4708-98F4-E58E667AA24B}.Release|Any CPU.Build.0 = Release|Any CPU
		{A81C4B1A-444B-4A1A-A376-B58D8A6C5052}.Debug|Any CPU.ActiveCfg = Debug|Any CPU
		{A81C4B1A-444B-4A1A-A376-B58D8A6C5052}.Debug|Any CPU.Build.0 = Debug|Any CPU
		{A81C4B1A-444B-4A1A-A376-B58D8A6C5052}.Release|Any CPU.ActiveCfg = Release|Any CPU
		{A81C4B1A-444B-4A1A-A376-B58D8A6C5052}.Release|Any CPU.Build.0 = Release|Any CPU
		{380600FC-E534-4C37-BFC1-47D170B502CF}.Debug|Any CPU.ActiveCfg = Debug|Any CPU
		{380600FC-E534-4C37-BFC1-47D170B502CF}.Debug|Any CPU.Build.0 = Debug|Any CPU
		{380600FC-E534-4C37-BFC1-47D170B502CF}.Release|Any CPU.ActiveCfg = Release|Any CPU
		{380600FC-E534-4C37-BFC1-47D170B502CF}.Release|Any CPU.Build.0 = Release|Any CPU
		{F6EEDC3A-7B1F-4A28-883D-9168E2783B7E}.Debug|Any CPU.ActiveCfg = Debug|Any CPU
		{F6EEDC3A-7B1F-4A28-883D-9168E2783B7E}.Debug|Any CPU.Build.0 = Debug|Any CPU
		{F6EEDC3A-7B1F-4A28-883D-9168E2783B7E}.Release|Any CPU.ActiveCfg = Release|Any CPU
		{F6EEDC3A-7B1F-4A28-883D-9168E2783B7E}.Release|Any CPU.Build.0 = Release|Any CPU
	EndGlobalSection
	GlobalSection(SolutionProperties) = preSolution
		HideSolutionNode = FALSE
	EndGlobalSection
	GlobalSection(NestedProjects) = preSolution
		{2A1783E3-9F97-4054-903E-6A476A1B26D3} = {02EA681E-C7D8-13C7-8484-4AC65E1B71E8}
		{93B07B10-9374-44D5-AF4B-CB8B19EF9305} = {02EA681E-C7D8-13C7-8484-4AC65E1B71E8}
		{3BE004CA-A276-49FF-8649-886F7519B795} = {02EA681E-C7D8-13C7-8484-4AC65E1B71E8}
		{79EEC0C0-019F-4A22-89B6-CD244A030DCB} = {A5A6F60B-BAD0-40A8-92F9-47FE0CD3325A}
		{6DF0DA48-7567-4E7E-ADC1-C901CCCBD4E7} = {A5A6F60B-BAD0-40A8-92F9-47FE0CD3325A}
		{2834ADAE-0714-4F8E-AA3C-09A8BD56CDE7} = {A5A6F60B-BAD0-40A8-92F9-47FE0CD3325A}
		{05DF6E65-1A6E-45A0-9796-9FFFCDEA859B} = {6D605C21-A0ED-4878-9A90-DB6C5CAD06C6}
		{4FFC1D87-3174-4E1F-8613-BC7CD5A42902} = {6D605C21-A0ED-4878-9A90-DB6C5CAD06C6}
		{DEA9785A-E4F1-45F1-9DCE-8439D882CAC6} = {6D605C21-A0ED-4878-9A90-DB6C5CAD06C6}
		{019EB202-9BE3-42F6-A125-FFE766B68C32} = {F2DAA69F-9970-4B09-8D99-6692DC94D965}
		{A4341831-8DB2-4B21-8184-BC86F7D64DBE} = {F2DAA69F-9970-4B09-8D99-6692DC94D965}
		{C2AB0804-7F71-480A-9EFE-7C61AB96B719} = {F2DAA69F-9970-4B09-8D99-6692DC94D965}
		{5DF85A6E-07B2-44A9-93AD-F30018DA7995} = {DA60AE79-4C59-479E-B165-621AE5C5F5FC}
		{FB4B8654-3CF8-4F1A-94BC-7D6C79FDAE47} = {DA60AE79-4C59-479E-B165-621AE5C5F5FC}
		{225994C1-14E5-4C41-8C30-4CC529029E6C} = {DA60AE79-4C59-479E-B165-621AE5C5F5FC}
		{35E87AD9-EDE9-4AB7-B9E1-B3B90AFA885C} = {00DA588B-9A69-463C-8ACD-0D2FCBB705BA}
		{904A9CA0-395B-4573-98A2-5F9200926220} = {00DA588B-9A69-463C-8ACD-0D2FCBB705BA}
		{2085177F-5FA6-4026-969D-8E3309D9B994} = {00DA588B-9A69-463C-8ACD-0D2FCBB705BA}
		{A80C474F-6C27-4BEA-954A-53717A610965} = {A084BF66-B788-4905-8FF8-E808483B2BB5}
		{B297019C-6E23-4F94-85A7-BCF368DE6D58} = {A084BF66-B788-4905-8FF8-E808483B2BB5}
		{A0362C75-FCF3-4708-98F4-E58E667AA24B} = {A084BF66-B788-4905-8FF8-E808483B2BB5}
		{A81C4B1A-444B-4A1A-A376-B58D8A6C5052} = {41B3FD2C-0360-472A-B6A1-ACC345D9E02F}
		{380600FC-E534-4C37-BFC1-47D170B502CF} = {41B3FD2C-0360-472A-B6A1-ACC345D9E02F}
		{F6EEDC3A-7B1F-4A28-883D-9168E2783B7E} = {41B3FD2C-0360-472A-B6A1-ACC345D9E02F}
	EndGlobalSection
	GlobalSection(ExtensibilityGlobals) = postSolution
		SolutionGuid = {921B3C32-BBB1-4184-A7BB-73DD04C929A7}
	EndGlobalSection
EndGlobal
